
Microsoft Visual Studio Solution File, Format Version 12.00
# Visual Studio 15
VisualStudioVersion = 15.0.28307.106
MinimumVisualStudioVersion = 10.0.40219.1
Project("{FAE04EC0-301F-11D3-BF4B-00C04F79EFBC}") = "CountPossibleTrianglesFromEdges_Caterpillar", "CountPossibleTrianglesFromEdges_Caterpillar\CountPossibleTrianglesFromEdges_Caterpillar.csproj", "{2166F250-2FDE-4DBE-8468-0DEB267D84DE}"
EndProject
Global
	GlobalSection(SolutionConfigurationPlatforms) = preSolution
		Debug|Any CPU = Debug|Any CPU
		Release|Any CPU = Release|Any CPU
	EndGlobalSection
	GlobalSection(ProjectConfigurationPlatforms) = postSolution
		{2166F250-2FDE-4DBE-8468-0DEB267D84DE}.Debug|Any CPU.ActiveCfg = Debug|Any CPU
		{2166F250-2FDE-4DBE-8468-0DEB267D84DE}.Debug|Any CPU.Build.0 = Debug|Any CPU
		{2166F250-2FDE-4DBE-8468-0DEB267D84DE}.Release|Any CPU.ActiveCfg = Release|Any CPU
		{2166F250-2FDE-4DBE-8468-0DEB267D84DE}.Release|Any CPU.Build.0 = Release|Any CPU
	EndGlobalSection
	GlobalSection(SolutionProperties) = preSolution
		HideSolutionNode = FALSE
	EndGlobalSection
	GlobalSection(ExtensibilityGlobals) = postSolution
		SolutionGuid = {4BE9CECA-F22B-4ED8-8465-F05A60AA333A}
	EndGlobalSection
EndGlobal
